
Microsoft Visual Studio Solution File, Format Version 12.00
# Visual Studio Version 18
VisualStudioVersion = 18.5.11801.241 oobstable
MinimumVisualStudioVersion = 10.0.40219.1
Project("{FAE04EC0-301F-11D3-BF4B-00C04F79EFBC}") = "CopyComponentAdditions", "CopyComponentAdditions.csproj", "{1BD2CF3F-B932-47CF-95D3-D7B34687779F}"
EndProject
Global
	GlobalSection(SolutionConfigurationPlatforms) = preSolution
		Debug|Any CPU = Debug|Any CPU
		Release|Any CPU = Release|Any CPU
	EndGlobalSection
	GlobalSection(ProjectConfigurationPlatforms) = postSolution
		{1BD2CF3F-B932-47CF-95D3-D7B34687779F}.Debug|Any CPU.ActiveCfg = Debug|Any CPU
		{1BD2CF3F-B932-47CF-95D3-D7B34687779F}.Debug|Any CPU.Build.0 = Debug|Any CPU
		{1BD2CF3F-B932-47CF-95D3-D7B34687779F}.Release|Any CPU.ActiveCfg = Release|Any CPU
		{1BD2CF3F-B932-47CF-95D3-D7B34687779F}.Release|Any CPU.Build.0 = Release|Any CPU
	EndGlobalSection
	GlobalSection(SolutionProperties) = preSolution
		HideSolutionNode = FALSE
	EndGlobalSection
	GlobalSection(ExtensibilityGlobals) = postSolution
		SolutionGuid = {718E100D-47DC-44E6-9989-AABDFAA4F7AF}
	EndGlobalSection
EndGlobal
